
Microsoft Visual Studio Solution File, Format Version 12.00
# Visual Studio Version 16
VisualStudioVersion = 25.0.1705.0
MinimumVisualStudioVersion = 10.0.40219.1
Project("{FAE04EC0-301F-11D3-BF4B-00C04F79EFBC}") = "xxdk.NET", "xxdk.NET.csproj", "{0BB2596A-ACFB-454B-A392-2D06B6984203}"
EndProject
Global
	GlobalSection(SolutionConfigurationPlatforms) = preSolution
		Debug|Any CPU = Debug|Any CPU
		Release|Any CPU = Release|Any CPU
	EndGlobalSection
	GlobalSection(ProjectConfigurationPlatforms) = postSolution
		{0BB2596A-ACFB-454B-A392-2D06B6984203}.Debug|Any CPU.ActiveCfg = Debug|Any CPU
		{0BB2596A-ACFB-454B-A392-2D06B6984203}.Debug|Any CPU.Build.0 = Debug|Any CPU
		{0BB2596A-ACFB-454B-A392-2D06B6984203}.Release|Any CPU.ActiveCfg = Release|Any CPU
		{0BB2596A-ACFB-454B-A392-2D06B6984203}.Release|Any CPU.Build.0 = Release|Any CPU
	EndGlobalSection
	GlobalSection(SolutionProperties) = preSolution
		HideSolutionNode = FALSE
	EndGlobalSection
	GlobalSection(ExtensibilityGlobals) = postSolution
		SolutionGuid = {D987CE73-A7E4-4675-A33D-87F0CA63DF5D}
	EndGlobalSection
EndGlobal
